
Microsoft Visual Studio Solution File, Format Version 12.00
# Visual Studio Version 17
VisualStudioVersion = 17.7.34009.444
MinimumVisualStudioVersion = 10.0.40219.1
Project("{FAE04EC0-301F-11D3-BF4B-00C04F79EFBC}") = "TestGitHub", "TestGitHub\TestGitHub.csproj", "{CBD6C2F0-EDF5-4666-9198-14A64487FEC3}"
EndProject
Global
	GlobalSection(SolutionConfigurationPlatforms) = preSolution
		Debug|Any CPU = Debug|Any CPU
		Release|Any CPU = Release|Any CPU
	EndGlobalSection
	GlobalSection(ProjectConfigurationPlatforms) = postSolution
		{CBD6C2F0-EDF5-4666-9198-14A64487FEC3}.Debug|Any CPU.ActiveCfg = Debug|Any CPU
		{CBD6C2F0-EDF5-4666-9198-14A64487FEC3}.Debug|Any CPU.Build.0 = Debug|Any CPU
		{CBD6C2F0-EDF5-4666-9198-14A64487FEC3}.Release|Any CPU.ActiveCfg = Release|Any CPU
		{CBD6C2F0-EDF5-4666-9198-14A64487FEC3}.Release|Any CPU.Build.0 = Release|Any CPU
	EndGlobalSection
	GlobalSection(SolutionProperties) = preSolution
		HideSolutionNode = FALSE
	EndGlobalSection
	GlobalSection(ExtensibilityGlobals) = postSolution
		SolutionGuid = {6E82667C-B25A-43E2-AFF3-4C8D065C129A}
	EndGlobalSection
EndGlobal
